
Microsoft Visual Studio Solution File, Format Version 12.00
# Visual Studio 15
VisualStudioVersion = 15.0.26124.0
MinimumVisualStudioVersion = 15.0.26124.0
Project("{FAE04EC0-301F-11D3-BF4B-00C04F79EFBC}") = "TimeLib", "TimeLib\TimeLib.csproj", "{B6A1F520-55D5-4BF3-B970-DF4367C91B92}"
EndProject
Project("{FAE04EC0-301F-11D3-BF4B-00C04F79EFBC}") = "Program", "Program\Program.csproj", "{FA1DE6A5-EE91-49A1-8998-CD6DFE2FF796}"
EndProject
Global
	GlobalSection(SolutionConfigurationPlatforms) = preSolution
		Debug|Any CPU = Debug|Any CPU
		Debug|x64 = Debug|x64
		Debug|x86 = Debug|x86
		Release|Any CPU = Release|Any CPU
		Release|x64 = Release|x64
		Release|x86 = Release|x86
	EndGlobalSection
	GlobalSection(SolutionProperties) = preSolution
		HideSolutionNode = FALSE
	EndGlobalSection
	GlobalSection(ProjectConfigurationPlatforms) = postSolution
		{B6A1F520-55D5-4BF3-B970-DF4367C91B92}.Debug|Any CPU.ActiveCfg = Debug|Any CPU
		{B6A1F520-55D5-4BF3-B970-DF4367C91B92}.Debug|Any CPU.Build.0 = Debug|Any CPU
		{B6A1F520-55D5-4BF3-B970-DF4367C91B92}.Debug|x64.ActiveCfg = Debug|Any CPU
		{B6A1F520-55D5-4BF3-B970-DF4367C91B92}.Debug|x64.Build.0 = Debug|Any CPU
		{B6A1F520-55D5-4BF3-B970-DF4367C91B92}.Debug|x86.ActiveCfg = Debug|Any CPU
		{B6A1F520-55D5-4BF3-B970-DF4367C91B92}.Debug|x86.Build.0 = Debug|Any CPU
		{B6A1F520-55D5-4BF3-B970-DF4367C91B92}.Release|Any CPU.ActiveCfg = Release|Any CPU
		{B6A1F520-55D5-4BF3-B970-DF4367C91B92}.Release|Any CPU.Build.0 = Release|Any CPU
		{B6A1F520-55D5-4BF3-B970-DF4367C91B92}.Release|x64.ActiveCfg = Release|Any CPU
		{B6A1F520-55D5-4BF3-B970-DF4367C91B92}.Release|x64.Build.0 = Release|Any CPU
		{B6A1F520-55D5-4BF3-B970-DF4367C91B92}.Release|x86.ActiveCfg = Release|Any CPU
		{B6A1F520-55D5-4BF3-B970-DF4367C91B92}.Release|x86.Build.0 = Release|Any CPU
		{FA1DE6A5-EE91-49A1-8998-CD6DFE2FF796}.Debug|Any CPU.ActiveCfg = Debug|Any CPU
		{FA1DE6A5-EE91-49A1-8998-CD6DFE2FF796}.Debug|Any CPU.Build.0 = Debug|Any CPU
		{FA1DE6A5-EE91-49A1-8998-CD6DFE2FF796}.Debug|x64.ActiveCfg = Debug|Any CPU
		{FA1DE6A5-EE91-49A1-8998-CD6DFE2FF796}.Debug|x64.Build.0 = Debug|Any CPU
		{FA1DE6A5-EE91-49A1-8998-CD6DFE2FF796}.Debug|x86.ActiveCfg = Debug|Any CPU
		{FA1DE6A5-EE91-49A1-8998-CD6DFE2FF796}.Debug|x86.Build.0 = Debug|Any CPU
		{FA1DE6A5-EE91-49A1-8998-CD6DFE2FF796}.Release|Any CPU.ActiveCfg = Release|Any CPU
		{FA1DE6A5-EE91-49A1-8998-CD6DFE2FF796}.Release|Any CPU.Build.0 = Release|Any CPU
		{FA1DE6A5-EE91-49A1-8998-CD6DFE2FF796}.Release|x64.ActiveCfg = Release|Any CPU
		{FA1DE6A5-EE91-49A1-8998-CD6DFE2FF796}.Release|x64.Build.0 = Release|Any CPU
		{FA1DE6A5-EE91-49A1-8998-CD6DFE2FF796}.Release|x86.ActiveCfg = Release|Any CPU
		{FA1DE6A5-EE91-49A1-8998-CD6DFE2FF796}.Release|x86.Build.0 = Release|Any CPU
	EndGlobalSection
EndGlobal
